# THIS IS AN AUTOGENERATED FILE. DO NOT EDIT THIS FILE DIRECTLY.
# yarn lockfile v1


html-entities@1.0.x:
  version "1.0.10"
  resolved "https://registry.yarnpkg.com/html-entities/-/html-entities-1.0.10.tgz#0dea59130dd50df154e82c4cf71d08c2c9dc968b"
  integrity sha1-DepZEw3VDfFU6CxM9x0Iwsnclos=

sax@^1.2.4:
  version "1.2.4"
  resolved "https://registry.yarnpkg.com/sax/-/sax-1.2.4.tgz#2816234e2378bddc4e5354fab5caa895df7100d9"
  integrity sha512-NqVDv9TpANUjFm0N8uM5GxL36UgKi9/atZw+x7YFnQ8ckwFGKrl4xX4yWtrey3UJm5nP1kUbnYgLopqWNSRhWw==

sonos-discovery@^1.7.3:
  version "1.7.3"
  resolved "https://registry.yarnpkg.com/sonos-discovery/-/sonos-discovery-1.7.3.tgz#2acc87c43e23ff4841c669adaa243e639d58f60e"
  integrity sha512-G97Q2eoj/GGjl1LQvtRdzjG5esC1idAW7zJqn3MYthB/IuVpP/2h19OrAbZ8dHyo0N9/T+k2T2VKRbfXK1VX1A==
  dependencies:
    html-entities "1.0.x"
    xml-flow "1.0.2"

xml-flow@1.0.2:
  version "1.0.2"
  resolved "https://registry.yarnpkg.com/xml-flow/-/xml-flow-1.0.2.tgz#401ef11943fe816420811d46d31f359a60925516"
  integrity sha512-TfV52Su2083n8w61l1hGI5K3ZAkn4hmaon3oJHc+TRQo0QkKLMPAPdMpGMJd+5Aik6ZUicPDjBINO8QxLkZGgg==
  dependencies:
    sax "^1.2.4"
